
Microsoft Visual Studio Solution File, Format Version 12.00
# Visual Studio 15
Project("{FAE04EC0-301F-11D3-BF4B-00C04F79EFBC}") = "Api", "Api\Api.csproj", "{C49E5B80-6F83-4E60-849B-72B2E189B584}"
EndProject
Project("{2150E333-8FDC-42A3-9474-1A3956D46DE8}") = "Core", "Core", "{F77A9036-0377-43B8-8774-7506F40816CB}"
EndProject
Project("{FAE04EC0-301F-11D3-BF4B-00C04F79EFBC}") = "Application", "Application\Application.csproj", "{B8D70E21-AD6C-4DEA-8E15-D8F253003ABB}"
EndProject
Project("{2150E333-8FDC-42A3-9474-1A3956D46DE8}") = "Presentation", "Presentation", "{71377A44-9B47-4B77-9DF5-383E8DECA0C2}"
EndProject
Project("{FAE04EC0-301F-11D3-BF4B-00C04F79EFBC}") = "DataAccess", "DataAccess\DataAccess.csproj", "{4812929D-C7D8-4D13-A5F1-2B7E7BF2EA8F}"
EndProject
Project("{FAE04EC0-301F-11D3-BF4B-00C04F79EFBC}") = "Domain", "Domain\Domain.csproj", "{D5F91030-2219-4576-9785-9AD7BF8AAF4E}"
EndProject
Project("{2150E333-8FDC-42A3-9474-1A3956D46DE8}") = "Infrastructure", "Infrastructure", "{EC7842B3-A812-41B7-990A-5E392328BE01}"
EndProject
Project("{FAE04EC0-301F-11D3-BF4B-00C04F79EFBC}") = "Persistence", "Persistence\Persistence.csproj", "{3F6E73C3-13C5-4C2B-B6B9-00DB3177118A}"
EndProject
Project("{FAE04EC0-301F-11D3-BF4B-00C04F79EFBC}") = "TelegramBot", "TelegramBot\TelegramBot.csproj", "{18CA7749-D993-49D0-81FA-F87D443ECE18}"
EndProject
Global
	GlobalSection(SolutionConfigurationPlatforms) = preSolution
		Debug|Any CPU = Debug|Any CPU
		Release|Any CPU = Release|Any CPU
	EndGlobalSection
	GlobalSection(ProjectConfigurationPlatforms) = postSolution
		{C49E5B80-6F83-4E60-849B-72B2E189B584}.Debug|Any CPU.ActiveCfg = Debug|Any CPU
		{C49E5B80-6F83-4E60-849B-72B2E189B584}.Debug|Any CPU.Build.0 = Debug|Any CPU
		{C49E5B80-6F83-4E60-849B-72B2E189B584}.Release|Any CPU.ActiveCfg = Release|Any CPU
		{C49E5B80-6F83-4E60-849B-72B2E189B584}.Release|Any CPU.Build.0 = Release|Any CPU
		{B8D70E21-AD6C-4DEA-8E15-D8F253003ABB}.Debug|Any CPU.ActiveCfg = Debug|Any CPU
		{B8D70E21-AD6C-4DEA-8E15-D8F253003ABB}.Debug|Any CPU.Build.0 = Debug|Any CPU
		{B8D70E21-AD6C-4DEA-8E15-D8F253003ABB}.Release|Any CPU.ActiveCfg = Release|Any CPU
		{B8D70E21-AD6C-4DEA-8E15-D8F253003ABB}.Release|Any CPU.Build.0 = Release|Any CPU
		{4812929D-C7D8-4D13-A5F1-2B7E7BF2EA8F}.Debug|Any CPU.ActiveCfg = Debug|Any CPU
		{4812929D-C7D8-4D13-A5F1-2B7E7BF2EA8F}.Debug|Any CPU.Build.0 = Debug|Any CPU
		{4812929D-C7D8-4D13-A5F1-2B7E7BF2EA8F}.Release|Any CPU.ActiveCfg = Release|Any CPU
		{4812929D-C7D8-4D13-A5F1-2B7E7BF2EA8F}.Release|Any CPU.Build.0 = Release|Any CPU
		{D5F91030-2219-4576-9785-9AD7BF8AAF4E}.Debug|Any CPU.ActiveCfg = Debug|Any CPU
		{D5F91030-2219-4576-9785-9AD7BF8AAF4E}.Debug|Any CPU.Build.0 = Debug|Any CPU
		{D5F91030-2219-4576-9785-9AD7BF8AAF4E}.Release|Any CPU.ActiveCfg = Release|Any CPU
		{D5F91030-2219-4576-9785-9AD7BF8AAF4E}.Release|Any CPU.Build.0 = Release|Any CPU
		{3F6E73C3-13C5-4C2B-B6B9-00DB3177118A}.Debug|Any CPU.ActiveCfg = Debug|Any CPU
		{3F6E73C3-13C5-4C2B-B6B9-00DB3177118A}.Debug|Any CPU.Build.0 = Debug|Any CPU
		{3F6E73C3-13C5-4C2B-B6B9-00DB3177118A}.Release|Any CPU.ActiveCfg = Release|Any CPU
		{3F6E73C3-13C5-4C2B-B6B9-00DB3177118A}.Release|Any CPU.Build.0 = Release|Any CPU
		{18CA7749-D993-49D0-81FA-F87D443ECE18}.Debug|Any CPU.ActiveCfg = Debug|Any CPU
		{18CA7749-D993-49D0-81FA-F87D443ECE18}.Debug|Any CPU.Build.0 = Debug|Any CPU
		{18CA7749-D993-49D0-81FA-F87D443ECE18}.Release|Any CPU.ActiveCfg = Release|Any CPU
		{18CA7749-D993-49D0-81FA-F87D443ECE18}.Release|Any CPU.Build.0 = Release|Any CPU
	EndGlobalSection
	GlobalSection(NestedProjects) = preSolution
		{B8D70E21-AD6C-4DEA-8E15-D8F253003ABB} = {F77A9036-0377-43B8-8774-7506F40816CB}
		{C49E5B80-6F83-4E60-849B-72B2E189B584} = {71377A44-9B47-4B77-9DF5-383E8DECA0C2}
		{4812929D-C7D8-4D13-A5F1-2B7E7BF2EA8F} = {F77A9036-0377-43B8-8774-7506F40816CB}
		{D5F91030-2219-4576-9785-9AD7BF8AAF4E} = {F77A9036-0377-43B8-8774-7506F40816CB}
		{3F6E73C3-13C5-4C2B-B6B9-00DB3177118A} = {EC7842B3-A812-41B7-990A-5E392328BE01}
		{18CA7749-D993-49D0-81FA-F87D443ECE18} = {71377A44-9B47-4B77-9DF5-383E8DECA0C2}
	EndGlobalSection
EndGlobal
